
Microsoft Visual Studio Solution File, Format Version 12.00
# Visual Studio Version 16
VisualStudioVersion = 16.0.29920.165
MinimumVisualStudioVersion = 10.0.40219.1
Project("{FAE04EC0-301F-11D3-BF4B-00C04F79EFBC}") = "mnbTask", "mnbTask.csproj", "{FE2F1483-AFB7-4489-AF99-E225D086A89A}"
EndProject
Global
	GlobalSection(SolutionConfigurationPlatforms) = preSolution
		Debug|Any CPU = Debug|Any CPU
		Release|Any CPU = Release|Any CPU
	EndGlobalSection
	GlobalSection(ProjectConfigurationPlatforms) = postSolution
		{FE2F1483-AFB7-4489-AF99-E225D086A89A}.Debug|Any CPU.ActiveCfg = Debug|Any CPU
		{FE2F1483-AFB7-4489-AF99-E225D086A89A}.Debug|Any CPU.Build.0 = Debug|Any CPU
		{FE2F1483-AFB7-4489-AF99-E225D086A89A}.Release|Any CPU.ActiveCfg = Release|Any CPU
		{FE2F1483-AFB7-4489-AF99-E225D086A89A}.Release|Any CPU.Build.0 = Release|Any CPU
	EndGlobalSection
	GlobalSection(SolutionProperties) = preSolution
		HideSolutionNode = FALSE
	EndGlobalSection
	GlobalSection(ExtensibilityGlobals) = postSolution
		SolutionGuid = {40DF3CD7-DFEB-4BC2-9FAE-59B93AFE1262}
	EndGlobalSection
EndGlobal
